
Microsoft Visual Studio Solution File, Format Version 12.00
# Visual Studio Version 16
VisualStudioVersion = 16.0.31229.75
MinimumVisualStudioVersion = 10.0.40219.1
Project("{FAE04EC0-301F-11D3-BF4B-00C04F79EFBC}") = "my-books", "my-books\my-books.csproj", "{2FA8F7F6-FC62-41B6-9144-90C1ECB31574}"
EndProject
Global
	GlobalSection(SolutionConfigurationPlatforms) = preSolution
		Debug|Any CPU = Debug|Any CPU
		Release|Any CPU = Release|Any CPU
	EndGlobalSection
	GlobalSection(ProjectConfigurationPlatforms) = postSolution
		{2FA8F7F6-FC62-41B6-9144-90C1ECB31574}.Debug|Any CPU.ActiveCfg = Debug|Any CPU
		{2FA8F7F6-FC62-41B6-9144-90C1ECB31574}.Debug|Any CPU.Build.0 = Debug|Any CPU
		{2FA8F7F6-FC62-41B6-9144-90C1ECB31574}.Release|Any CPU.ActiveCfg = Release|Any CPU
		{2FA8F7F6-FC62-41B6-9144-90C1ECB31574}.Release|Any CPU.Build.0 = Release|Any CPU
	EndGlobalSection
	GlobalSection(SolutionProperties) = preSolution
		HideSolutionNode = FALSE
	EndGlobalSection
	GlobalSection(ExtensibilityGlobals) = postSolution
		SolutionGuid = {876FF274-142C-483A-98DD-07E2F9EB2D2E}
	EndGlobalSection
EndGlobal
